<?xml version="1.0" encoding="utf-8"?>
<Project ToolsVersion="4.0" xmlns="http://schemas.microsoft.com/developer/msbuild/2003">
  <ItemGroup>
    <ClCompile Include="Source\Scripts\TriggerCollisionEvent\AsteroidCollisionEvent.cpp" />
    <ClCompile Include="Source\Scripts\Asteroids\AsteroidLife.cpp" />
    <ClCompile Include="Source\Scripts\Player\PlayerLife.cpp" />
    <ClCompile Include="Source\Scripts\Asteroids\AsteroidSpawner.cpp" />
    <ClCompile Include="Source\BlankProject.cpp" />
    <ClCompile Include="Source\GameObjects\Asteroid.cpp" />
    <ClCompile Include="Source\GameObjects\Camera.cpp" />
    <ClCompile Include="Source\GameObjects\Player.cpp" />
    <ClCompile Include="Source\GameObjects\Projectile.cpp" />
    <ClCompile Include="Source\Scripts\LifeComponent.cpp" />
    <ClCompile Include="Source\Scripts\Player\PlayerMovement.cpp" />
    <ClCompile Include="Source\Scripts\Player\PlayerShoot.cpp" />
    <ClCompile Include="Source\Scripts\ProjectileBehavior.cpp" />
    <ClCompile Include="Source\GameObjects\Skybox.cpp" />
    <ClCompile Include="Source\GameObjects\Wing.cpp" />
    <ClCompile Include="Source\GameObjects\Particles\ProjectileParticles.cpp" />
    <ClCompile Include="Source\Scripts\TriggerCollisionEvent\PlayerCollisionEvent.cpp" />
    <ClCompile Include="Source\Scripts\UI\ScoreBehavior.cpp">
      <Filter>Source\Source\Scripts</Filter>
    </ClCompile>
    <ClCompile Include="Source\GameObjects\UI\Score.cpp" />
    <ClCompile Include="Source\GameObjects\UI\Digit.cpp" />
    <ClCompile Include="Source\Scripts\UI\DigitBehavior.cpp" />
  </ItemGroup>
  <ItemGroup>
    <ClInclude Include="Source\Scripts\TriggerCollisionEvent\AsteroidCollisionEvent.h" />
    <ClInclude Include="Source\Scripts\Asteroids\AsteroidLife.h" />
    <ClInclude Include="Source\Scripts\Player\PlayerLife.h" />
    <ClInclude Include="Source\Scripts\Asteroids\AsteroidSpawner.h" />
    <ClInclude Include="resource.h" />
    <ClInclude Include="Source\BlankProject.h" />
    <ClInclude Include="Source\GameObjects\Asteroid.h" />
    <ClInclude Include="Source\GameObjects\Camera.h" />
    <ClInclude Include="Source\GameObjects\Player.h" />
    <ClInclude Include="Source\GameObjects\Projectile.h" />
    <ClInclude Include="Source\Scripts\LifeComponent.h" />
    <ClInclude Include="Source\Scripts\Player\PlayerMovement.h" />
    <ClInclude Include="Source\Scripts\Player\PlayerShoot.h" />
    <ClInclude Include="Source\Scripts\ProjectileBehavior.h" />
    <ClInclude Include="Source\GameObjects\SkyBox.h" />
    <ClInclude Include="Source\GameObjects\Wing.h" />
    <ClInclude Include="Source\GameObjects\Particles\ProjectileParticles.h" />
    <ClInclude Include="Source\Scripts\TriggerCollisionEvent\PlayerCollisionEvent.h" />
    <ClInclude Include="resource.h">
      <Filter>Resources</Filter>
    </ClInclude>
    <ClInclude Include="Source\BlankProject.h">
      <Filter>Source\Source</Filter>
    </ClInclude>
    <ClInclude Include="Source\Scripts\Player\PlayerMovement.h">
      <Filter>Source\Source\Scripts</Filter>
    </ClInclude>
    <ClInclude Include="Source\GameObjects\Asteroid.h">
      <Filter>Source\Source\GameObjects</Filter>
    </ClInclude>
    <ClInclude Include="Source\GameObjects\Camera.h">
      <Filter>Source\Source\GameObjects</Filter>
    </ClInclude>
    <ClInclude Include="Source\GameObjects\Player.h">
      <Filter>Source\Source\GameObjects</Filter>
    </ClInclude>
    <ClInclude Include="Source\Scripts\Player\PlayerShoot.h">
      <Filter>Source\Source\Scripts</Filter>
    </ClInclude>
    <ClInclude Include="Source\GameObjects\Projectile.h">
      <Filter>Source\Source\GameObjects</Filter>
    </ClInclude>
    <ClInclude Include="Source\Scripts\ProjectileBehavior.h">
      <Filter>Source\Source\Scripts</Filter>
    </ClInclude>
    <ClInclude Include="Source\Scripts\Asteroids\AsteroidSpawner.h">
      <Filter>Source\Source</Filter>
    </ClInclude>
    <ClInclude Include="Source\GameObjects\SkyBox.h">
      <Filter>Source\Source\GameObjects</Filter>
    </ClInclude>
    <ClInclude Include="Source\Scripts\UI\ScoreBehavior.h">
      <Filter>Source\Source\Scripts</Filter>
    </ClInclude>
    <ClInclude Include="Source\GameObjects\UI\Score.h">
      <Filter>Source\Source</Filter>
    </ClInclude>
    <ClInclude Include="Source\GameObjects\UI\Digit.h">
      <Filter>Source\Source</Filter>
    </ClInclude>
    <ClInclude Include="Source\Scripts\UI\DigitBehavior.h">
      <Filter>Source\Source</Filter>
    </ClInclude>
  </ItemGroup>
  <ItemGroup>
    <ResourceCompile Include="BlankProject.rc" />
  </ItemGroup>
  <ItemGroup>
    <Image Include="Content\Icons\mainIcon.ico" />
    <Image Include="Resources\Textures\4k.dds" />
    <Image Include="Resources\Textures\angry_winnie.dds" />
  </ItemGroup>
</Project>