
Microsoft Visual Studio Solution File, Format Version 12.00
# Visual Studio Version 17
VisualStudioVersion = 17.7.34202.233
MinimumVisualStudioVersion = 10.0.40219.1
Project("{8BC9CEB8-8B4A-11D0-8D11-00A0C91BC942}") = "BlankProject", "BlankProject\BlankProject.vcxproj", "{7305FA18-778A-425C-BD79-08F577DF853D}"
	ProjectSection(ProjectDependencies) = postProject
		{4DE1ACE2-32A3-4ADF-B2CA-C91A283B8DD3} = {4DE1ACE2-32A3-4ADF-B2CA-C91A283B8DD3}
	EndProjectSection
EndProject
Project("{8BC9CEB8-8B4A-11D0-8D11-00A0C91BC942}") = "Chokbar", "ChokbarEngine\ChokbarEngine.vcxproj", "{4DE1ACE2-32A3-4ADF-B2CA-C91A283B8DD3}"
EndProject
Global
	GlobalSection(SolutionConfigurationPlatforms) = preSolution
		Debug|x64 = Debug|x64
		Release|x64 = Release|x64
	EndGlobalSection
	GlobalSection(ProjectConfigurationPlatforms) = postSolution
		{7305FA18-778A-425C-BD79-08F577DF853D}.Debug|x64.ActiveCfg = Debug|x64
		{7305FA18-778A-425C-BD79-08F577DF853D}.Debug|x64.Build.0 = Debug|x64
		{7305FA18-778A-425C-BD79-08F577DF853D}.Release|x64.ActiveCfg = Release|x64
		{7305FA18-778A-425C-BD79-08F577DF853D}.Release|x64.Build.0 = Release|x64
		{4DE1ACE2-32A3-4ADF-B2CA-C91A283B8DD3}.Debug|x64.ActiveCfg = Debug|x64
		{4DE1ACE2-32A3-4ADF-B2CA-C91A283B8DD3}.Debug|x64.Build.0 = Debug|x64
		{4DE1ACE2-32A3-4ADF-B2CA-C91A283B8DD3}.Release|x64.ActiveCfg = Release|x64
		{4DE1ACE2-32A3-4ADF-B2CA-C91A283B8DD3}.Release|x64.Build.0 = Release|x64
	EndGlobalSection
	GlobalSection(SolutionProperties) = preSolution
		HideSolutionNode = FALSE
	EndGlobalSection
	GlobalSection(ExtensibilityGlobals) = postSolution
		SolutionGuid = {7C875AC2-85B3-4EBF-BD48-6EA39C0BA510}
	EndGlobalSection
EndGlobal
