<?xml version="1.0" encoding="utf-8"?>
<Project ToolsVersion="4.0" xmlns="http://schemas.microsoft.com/developer/msbuild/2003">
  <ItemGroup>
    <Filter Include="Resources">
      <UniqueIdentifier>{67DA6AB6-F800-4c08-8B7A-83BB121AAD01}</UniqueIdentifier>
      <Extensions>rc;ico;cur;bmp;dlg;rc2;rct;bin;rgs;gif;jpg;jpeg;jpe;resx;tiff;tif;png;wav;mfcribbon-ms</Extensions>
    </Filter>
    <Filter Include="Source">
      <UniqueIdentifier>{d88b5640-8ebe-4dd1-8b20-97069ee98ea0}</UniqueIdentifier>
    </Filter>
    <Filter Include="Source\pch">
      <UniqueIdentifier>{9139896d-d27c-4485-9c72-f0f6f0575ef2}</UniqueIdentifier>
    </Filter>
    <Filter Include="Source\Engine">
      <UniqueIdentifier>{6b2b109d-57f1-4756-b751-fce63a39b182}</UniqueIdentifier>
    </Filter>
    <Filter Include="Source\Engine\Public">
      <UniqueIdentifier>{d10e78b5-8ad6-499a-98f1-a891eeb6b030}</UniqueIdentifier>
    </Filter>
    <Filter Include="Source\Engine\Private">
      <UniqueIdentifier>{d61c03a0-18ce-4b6c-b233-81e078aca649}</UniqueIdentifier>
    </Filter>
    <Filter Include="Source\Platform">
      <UniqueIdentifier>{bacb898f-ff04-4f85-8ada-7bda1311f90b}</UniqueIdentifier>
    </Filter>
    <Filter Include="Source\Common">
      <UniqueIdentifier>{1f20c421-4ea7-4ee8-9c6b-dd78be9af64f}</UniqueIdentifier>
    </Filter>
    <Filter Include="Source\Common\Private">
      <UniqueIdentifier>{90d07a9e-d584-402f-a805-9aa108ff0bac}</UniqueIdentifier>
    </Filter>
    <Filter Include="Source\Common\Public">
      <UniqueIdentifier>{a4ea9cc0-0563-4b16-bcc1-5f5155fc6a5a}</UniqueIdentifier>
    </Filter>
    <Filter Include="Source\Platform\Windows">
      <UniqueIdentifier>{79b65c58-2b8e-485f-86c8-06306c14cf22}</UniqueIdentifier>
    </Filter>
    <Filter Include="Source\Platform\Windows\Public">
      <UniqueIdentifier>{de9d6c0b-31da-4a57-ab71-f565ddf87aa0}</UniqueIdentifier>
    </Filter>
    <Filter Include="Source\Platform\Windows\Private">
      <UniqueIdentifier>{814b8029-a50b-4f60-818b-fc320a062e39}</UniqueIdentifier>
    </Filter>
    <Filter Include="Source\Platform\Windows\Classes">
      <UniqueIdentifier>{882579c6-83b9-4bbb-936b-97c1f57ccd7a}</UniqueIdentifier>
    </Filter>
    <Filter Include="Source\Engine\Core">
      <UniqueIdentifier>{1ce36a97-6b74-4b35-856f-9c6c0a5549b1}</UniqueIdentifier>
    </Filter>
    <Filter Include="Source\Engine\ECS">
      <UniqueIdentifier>{88daf8bd-1eed-4f52-a000-8bc1c48319d0}</UniqueIdentifier>
    </Filter>
    <Filter Include="Source\Engine\ECS\Public">
      <UniqueIdentifier>{93efd9b1-04f1-4bf8-9879-783f87cf1c66}</UniqueIdentifier>
    </Filter>
    <Filter Include="Source\Engine\ECS\Private">
      <UniqueIdentifier>{b9d43283-e074-4eac-bd53-2e07b02f25a1}</UniqueIdentifier>
    </Filter>
    <Filter Include="Source\Engine\ECS\Components">
      <UniqueIdentifier>{4eed304e-fc24-487e-8e80-37925701c4e6}</UniqueIdentifier>
    </Filter>
    <Filter Include="Source\Engine\ECS\Systems">
      <UniqueIdentifier>{778d6514-45f2-45f3-a39b-41c3b4fa5b9b}</UniqueIdentifier>
    </Filter>
    <Filter Include="Source\Engine\ECS\Systems\Public">
      <UniqueIdentifier>{121fe308-dd95-4e94-a84c-66edf098e8a3}</UniqueIdentifier>
    </Filter>
    <Filter Include="Source\Engine\ECS\Systems\Private">
      <UniqueIdentifier>{6a4126f7-7ee7-4c41-be5c-52a5185ea94a}</UniqueIdentifier>
    </Filter>
    <Filter Include="Source\Engine\ECS\Components\Collision">
      <UniqueIdentifier>{87ac9ecb-15eb-40fb-b9fa-c2557859f40c}</UniqueIdentifier>
    </Filter>
    <Filter Include="Source\Engine\Core\D3D">
      <UniqueIdentifier>{de68f07e-e4d8-4e34-80aa-6c40e734c8c3}</UniqueIdentifier>
    </Filter>
    <Filter Include="Source\Engine\Core\D3D\External">
      <UniqueIdentifier>{3d36a131-ae5e-4d4e-a8d9-1712dd6e69c3}</UniqueIdentifier>
    </Filter>
    <Filter Include="Source\Engine\Managers">
      <UniqueIdentifier>{f4b4f6c0-cbf4-45b9-b82a-f4b5416e22b3}</UniqueIdentifier>
    </Filter>
    <Filter Include="Source\Engine\Managers\Public">
      <UniqueIdentifier>{995c0b68-d5ca-4908-a944-fe742e7ee615}</UniqueIdentifier>
    </Filter>
    <Filter Include="Source\Engine\Managers\Private">
      <UniqueIdentifier>{b7ac141b-745e-449c-8bfb-11f026716638}</UniqueIdentifier>
    </Filter>
    <Filter Include="Source\Engine\Core\D3D\Base">
      <UniqueIdentifier>{66bc8eb7-fbde-4c93-9b26-6acf30acdadf}</UniqueIdentifier>
    </Filter>
    <Filter Include="Source\Engine\Core\D3D\Geometry">
      <UniqueIdentifier>{1c303f91-8caa-478a-aed2-502d2a81a28a}</UniqueIdentifier>
    </Filter>
    <Filter Include="Source\Engine\Core\D3D\Renderers">
      <UniqueIdentifier>{9f2f1ae5-fa68-4f4d-85ec-7aa9e2cd732d}</UniqueIdentifier>
    </Filter>
    <Filter Include="Source\Engine\Core\D3D\Shaders">
      <UniqueIdentifier>{ae49d2cb-f448-44db-adb8-1bf1b23a2f2e}</UniqueIdentifier>
    </Filter>
  </ItemGroup>
  <ItemGroup>
    <ClCompile Include="Source\Engine\Engine.cpp">
      <Filter>Source\Engine\Private</Filter>
    </ClCompile>
    <ClCompile Include="Source\Common\Logger.cpp">
      <Filter>Source\Common\Private</Filter>
    </ClCompile>
    <ClCompile Include="Source\Common\Time.cpp">
      <Filter>Source\Common\Private</Filter>
    </ClCompile>
    <ClCompile Include="Source\Platform\Windows\Window.cpp">
      <Filter>Source\Platform\Windows\Private</Filter>
    </ClCompile>
    <ClCompile Include="Source\Platform\Windows\Win32Utils.cpp">
      <Filter>Source\Platform\Windows\Private</Filter>
    </ClCompile>
    <ClCompile Include="Source\Platform\Windows\IApplication.cpp">
      <Filter>Source\Platform\Windows\Private</Filter>
    </ClCompile>
    <ClCompile Include="Source\Engine\ECS\Base\ComponentManager.cpp">
      <Filter>Source\Engine\ECS\Private</Filter>
    </ClCompile>
    <ClCompile Include="Source\Engine\ECS\Base\Coordinator.cpp">
      <Filter>Source\Engine\ECS\Private</Filter>
    </ClCompile>
    <ClCompile Include="Source\Engine\ECS\Base\EntityManager.cpp">
      <Filter>Source\Engine\ECS\Private</Filter>
    </ClCompile>
    <ClCompile Include="Source\Engine\ECS\Base\SystemManager.cpp">
      <Filter>Source\Engine\ECS\Private</Filter>
    </ClCompile>
    <ClCompile Include="Source\Engine\ECS\Components\TransformComponent.cpp">
      <Filter>Source\Engine\ECS\Components</Filter>
    </ClCompile>
    <ClCompile Include="Source\Engine\ECS\Base\Object.cpp">
      <Filter>Source\Engine\ECS\Private</Filter>
    </ClCompile>
    <ClCompile Include="Source\Engine\ECS\Base\GameObject.cpp">
      <Filter>Source\Engine\ECS\Private</Filter>
    </ClCompile>
    <ClCompile Include="Source\Engine\ECS\Components\Component.cpp">
      <Filter>Source\Engine\ECS\Components</Filter>
    </ClCompile>
    <ClCompile Include="Source\Engine\ECS\Components\Collision\Collider.cpp">
      <Filter>Source\Engine\ECS\Components\Collision</Filter>
    </ClCompile>
    <ClCompile Include="Source\Engine\ECS\Components\Collision\SphereCollider.cpp">
      <Filter>Source\Engine\ECS\Components\Collision</Filter>
    </ClCompile>
    <ClCompile Include="Source\Engine\ECS\Components\Collision\Rigidbody.cpp">
      <Filter>Source\Engine\ECS\Components\Collision</Filter>
    </ClCompile>
    <ClCompile Include="Source\Engine\Managers\PhysicsWorld.cpp">
      <Filter>Source\Engine\Private</Filter>
    </ClCompile>
    <ClCompile Include="Source\Engine\Resource.cpp">
      <Filter>Source\Engine\Private</Filter>
    </ClCompile>
    <ClCompile Include="Source\Engine\IResourceObject.cpp">
      <Filter>Source\Engine\Private</Filter>
    </ClCompile>
    <ClCompile Include="Source\Engine\ECS\Components\CameraComponent.cpp">
      <Filter>Source\Engine\ECS\Components</Filter>
    </ClCompile>
    <ClCompile Include="Source\Engine\Managers\CameraManager.cpp">
      <Filter>Source\Engine\Managers\Private</Filter>
    </ClCompile>
    <ClCompile Include="Source\Engine\Managers\InputHandler.cpp">
      <Filter>Source\Engine\Managers\Private</Filter>
    </ClCompile>
    <ClCompile Include="Source\Engine\ECS\Components\Collision\TriggerCollisionEvent.cpp">
      <Filter>Source\Engine\ECS\Components\Collision</Filter>
    </ClCompile>
    <ClCompile Include="Source\Chokbar.cpp">
      <Filter>Source\pch</Filter>
    </ClCompile>
    <ClCompile Include="Source\Engine\ECS\Components\CustomComponent.cpp">
      <Filter>Source\Engine\ECS\Components</Filter>
    </ClCompile>
    <ClCompile Include="Source\Engine\Managers\TimeManager.cpp">
      <Filter>Source\Engine\Managers\Private</Filter>
    </ClCompile>
    <ClCompile Include="Source\Engine\SplashScreen.cpp" />
    <ClCompile Include="Source\Engine\Core\D3D\External\DDSTextureLoader.cpp">
      <Filter>Source\Engine\Core\D3D\External</Filter>
    </ClCompile>
    <ClCompile Include="Source\Engine\Core\D3D\Base\D3DRenderer.cpp">
      <Filter>Source\Engine\Core\D3D\Base</Filter>
    </ClCompile>
    <ClCompile Include="Source\Engine\Core\D3D\Base\D3DMath.cpp">
      <Filter>Source\Engine\Core\D3D\Base</Filter>
    </ClCompile>
    <ClCompile Include="Source\Engine\Core\D3D\Base\D3DUtils.cpp">
      <Filter>Source\Engine\Core\D3D\Base</Filter>
    </ClCompile>
    <ClCompile Include="Source\Engine\Core\D3D\Geometry\D3DMesh.cpp">
      <Filter>Source\Engine\Core\D3D\Geometry</Filter>
    </ClCompile>
    <ClCompile Include="Source\Engine\Core\D3D\Geometry\GeometryHandler.cpp">
      <Filter>Source\Engine\Core\D3D\Geometry</Filter>
    </ClCompile>
    <ClCompile Include="Source\Engine\Core\D3D\Geometry\Particle.cpp">
      <Filter>Source\Engine\Core\D3D\Geometry</Filter>
    </ClCompile>
    <ClCompile Include="Source\Engine\Core\D3D\Shaders\Material.cpp">
      <Filter>Source\Engine\Core\D3D\Shaders</Filter>
    </ClCompile>
    <ClCompile Include="Source\Engine\Core\D3D\Shaders\ShaderBase.cpp">
      <Filter>Source\Engine\Core\D3D\Shaders</Filter>
    </ClCompile>
    <ClCompile Include="Source\Engine\Core\D3D\Shaders\Texture.cpp">
      <Filter>Source\Engine\Core\D3D\Shaders</Filter>
    </ClCompile>
    <ClCompile Include="Source\Engine\Core\D3D\Shaders\UpdloadBuffer.cpp">
      <Filter>Source\Engine\Core\D3D\Shaders</Filter>
    </ClCompile>
    <ClCompile Include="Source\Engine\Core\D3D\Renderers\IRenderer.cpp">
      <Filter>Source\Engine\Core\D3D\Renderers</Filter>
    </ClCompile>
    <ClCompile Include="Source\Engine\Core\D3D\Renderers\MeshRenderer.cpp">
      <Filter>Source\Engine\Core\D3D\Renderers</Filter>
    </ClCompile>
    <ClCompile Include="Source\Engine\Core\D3D\Renderers\ParticleRenderer.cpp">
      <Filter>Source\Engine\Core\D3D\Renderers</Filter>
    </ClCompile>
    <ClCompile Include="Source\Engine\Core\DebugUtils.cpp">
      <Filter>Source\Engine\Core</Filter>
    </ClCompile>
    <ClCompile Include="Source\Engine\Core\PerGameSettings.cpp">
      <Filter>Source\Engine\Core</Filter>
    </ClCompile>
    <ClCompile Include="Source\Engine\Core\D3D\Renderers\SkyRenderer.cpp">
      <Filter>Source\Engine\Core\D3D\Renderers</Filter>
    </ClCompile>
    <ClCompile Include="Source\Engine\Core\D3D\Shaders\Cubemap.cpp">
      <Filter>Source\Engine\Core\D3D\Shaders</Filter>
    </ClCompile>
  </ItemGroup>
  <ItemGroup>
    <ClInclude Include="Source\Chokbar.h">
      <Filter>Source\pch</Filter>
    </ClInclude>
    <ClInclude Include="Source\Common\Logger.h">
      <Filter>Source\Common\Public</Filter>
    </ClInclude>
    <ClInclude Include="Source\Common\Time.h">
      <Filter>Source\Common\Public</Filter>
    </ClInclude>
    <ClInclude Include="Source\Platform\Windows\Window.h">
      <Filter>Source\Platform\Windows\Public</Filter>
    </ClInclude>
    <ClInclude Include="Source\Platform\Windows\WinEntry.h">
      <Filter>Source\Platform\Windows\Public</Filter>
    </ClInclude>
    <ClInclude Include="Source\Platform\Windows\Win32Utils.h">
      <Filter>Source\Platform\Windows\Public</Filter>
    </ClInclude>
    <ClInclude Include="Source\Platform\Windows\IApplication.h">
      <Filter>Source\Platform\Windows\Classes</Filter>
    </ClInclude>
    <ClInclude Include="Source\Engine\ECS\Base\ComponentArray.h">
      <Filter>Source\Engine\ECS\Public</Filter>
    </ClInclude>
    <ClInclude Include="Source\Engine\ECS\Base\ComponentManager.h">
      <Filter>Source\Engine\ECS\Public</Filter>
    </ClInclude>
    <ClInclude Include="Source\Engine\ECS\Base\Coordinator.h">
      <Filter>Source\Engine\ECS\Public</Filter>
    </ClInclude>
    <ClInclude Include="Source\Engine\ECS\Base\EntityManager.h">
      <Filter>Source\Engine\ECS\Public</Filter>
    </ClInclude>
    <ClInclude Include="Source\Engine\ECS\Base\SystemManager.h">
      <Filter>Source\Engine\ECS\Public</Filter>
    </ClInclude>
    <ClInclude Include="Source\Engine\ECS\Base\TypeDef.h">
      <Filter>Source\Engine\ECS\Public</Filter>
    </ClInclude>
    <ClInclude Include="Source\Engine\ECS\Components\TransformComponent.h">
      <Filter>Source\Engine\ECS\Components</Filter>
    </ClInclude>
    <ClInclude Include="Source\Engine\ECS\Base\System.h">
      <Filter>Source\Engine\ECS\Systems\Public</Filter>
    </ClInclude>
    <ClInclude Include="Source\Engine\Engine.h">
      <Filter>Source\Engine\Public</Filter>
    </ClInclude>
    <ClInclude Include="Source\Engine\ECS\Base\GameObject.h">
      <Filter>Source\Engine\ECS\Public</Filter>
    </ClInclude>
    <ClInclude Include="Source\Engine\ECS\Base\Object.h">
      <Filter>Source\Engine\ECS\Public</Filter>
    </ClInclude>
    <ClInclude Include="Source\Engine\ECS\Components\Collision\Collider.h">
      <Filter>Source\Engine\ECS\Components\Collision</Filter>
    </ClInclude>
    <ClInclude Include="Source\Engine\ECS\Components\Collision\SphereCollider.h">
      <Filter>Source\Engine\ECS\Components\Collision</Filter>
    </ClInclude>
    <ClInclude Include="Source\Engine\ECS\Components\Collision\Rigidbody.h">
      <Filter>Source\Engine\ECS\Components\Collision</Filter>
    </ClInclude>
    <ClInclude Include="Source\Engine\Managers\PhysicsWorld.h">
      <Filter>Source\Engine\Public</Filter>
    </ClInclude>
    <ClInclude Include="Source\Engine\IResourceObject.h">
      <Filter>Source\Engine\Public</Filter>
    </ClInclude>
    <ClInclude Include="Source\Engine\Resource.h">
      <Filter>Source\Engine\Public</Filter>
    </ClInclude>
    <ClInclude Include="Source\Engine\ECS\Components\CameraComponent.h">
      <Filter>Source\Engine\ECS\Components</Filter>
    </ClInclude>
    <ClInclude Include="Source\Engine\ECS\Components\Collision\TriggerCollisionEvent.h">
      <Filter>Source\Engine\ECS\Components\Collision</Filter>
    </ClInclude>
    <ClInclude Include="Source\Engine\ECS\Components\Component.h">
      <Filter>Source\Engine\ECS\Components</Filter>
    </ClInclude>
    <ClInclude Include="Source\Engine\ECS\Components\CustomComponent.h">
      <Filter>Source\Engine\ECS\Components</Filter>
    </ClInclude>
    <ClInclude Include="Source\GameObjects\Camera.h" />
    <ClInclude Include="Source\Engine\Managers\CameraManager.h">
      <Filter>Source\Engine\Managers\Public</Filter>
    </ClInclude>
    <ClInclude Include="Source\Engine\Managers\InputHandler.h">
      <Filter>Source\Engine\Managers\Public</Filter>
    </ClInclude>
    <ClInclude Include="Source\Engine\Managers\TimeManager.h">
      <Filter>Source\Engine\Managers\Public</Filter>
    </ClInclude>
    <ClInclude Include="Source\Engine\SplashScreen.h" />
    <ClInclude Include="Source\Engine\Core\D3D\External\d3dx12.h">
      <Filter>Source\Engine\Core\D3D\External</Filter>
    </ClInclude>
    <ClInclude Include="Source\Engine\Core\D3D\External\DDSTextureLoader.h">
      <Filter>Source\Engine\Core\D3D\External</Filter>
    </ClInclude>
    <ClInclude Include="Source\Engine\Core\D3D\Base\D3DRenderer.h">
      <Filter>Source\Engine\Core\D3D\Base</Filter>
    </ClInclude>
    <ClInclude Include="Source\Engine\Core\D3D\Base\D3DMath.h">
      <Filter>Source\Engine\Core\D3D\Base</Filter>
    </ClInclude>
    <ClInclude Include="Source\Engine\Core\D3D\Base\D3DUtils.h">
      <Filter>Source\Engine\Core\D3D\Base</Filter>
    </ClInclude>
    <ClInclude Include="Source\Engine\Core\D3D\Base\MaterialType.h">
      <Filter>Source\Engine\Core\D3D\Base</Filter>
    </ClInclude>
    <ClInclude Include="Source\Engine\Core\D3D\Base\MeshType.h">
      <Filter>Source\Engine\Core\D3D\Base</Filter>
    </ClInclude>
    <ClInclude Include="Source\Engine\Core\D3D\Geometry\D3DMesh.h">
      <Filter>Source\Engine\Core\D3D\Geometry</Filter>
    </ClInclude>
    <ClInclude Include="Source\Engine\Core\D3D\Geometry\GeometryHandler.h">
      <Filter>Source\Engine\Core\D3D\Geometry</Filter>
    </ClInclude>
    <ClInclude Include="Source\Engine\Core\D3D\Geometry\Particle.h">
      <Filter>Source\Engine\Core\D3D\Geometry</Filter>
    </ClInclude>
    <ClInclude Include="Source\Engine\Core\D3D\Shaders\Material.h">
      <Filter>Source\Engine\Core\D3D\Shaders</Filter>
    </ClInclude>
    <ClInclude Include="Source\Engine\Core\D3D\Shaders\ShaderBase.h">
      <Filter>Source\Engine\Core\D3D\Shaders</Filter>
    </ClInclude>
    <ClInclude Include="Source\Engine\Core\D3D\Shaders\Texture.h">
      <Filter>Source\Engine\Core\D3D\Shaders</Filter>
    </ClInclude>
    <ClInclude Include="Source\Engine\Core\D3D\Shaders\UploadBuffer.h">
      <Filter>Source\Engine\Core\D3D\Shaders</Filter>
    </ClInclude>
    <ClInclude Include="Source\Engine\Core\D3D\Renderers\IRenderer.h">
      <Filter>Source\Engine\Core\D3D\Renderers</Filter>
    </ClInclude>
    <ClInclude Include="Source\Engine\Core\D3D\Renderers\MeshRenderer.h">
      <Filter>Source\Engine\Core\D3D\Renderers</Filter>
    </ClInclude>
    <ClInclude Include="Source\Engine\Core\D3D\Renderers\ParticleRenderer.h">
      <Filter>Source\Engine\Core\D3D\Renderers</Filter>
    </ClInclude>
    <ClInclude Include="Source\Engine\Core\Core.h">
      <Filter>Source\Engine\Core</Filter>
    </ClInclude>
    <ClInclude Include="Source\Engine\Core\CoreDefinitions.h">
      <Filter>Source\Engine\Core</Filter>
    </ClInclude>
    <ClInclude Include="Source\Engine\Core\CoreMinimal.h">
      <Filter>Source\Engine\Core</Filter>
    </ClInclude>
    <ClInclude Include="Source\Engine\Core\DebugUtils.h">
      <Filter>Source\Engine\Core</Filter>
    </ClInclude>
    <ClInclude Include="Source\Engine\Core\PerGameSettings.h">
      <Filter>Source\Engine\Core</Filter>
    </ClInclude>
    <ClInclude Include="Source\Engine\Core\D3D\Renderers\SkyRenderer.h">
      <Filter>Source\Engine\Core\D3D\Renderers</Filter>
    </ClInclude>
    <ClInclude Include="Source\Engine\Core\D3D\Shaders\Cubemap.h">
      <Filter>Source\Engine\Core\D3D\Shaders</Filter>
    </ClInclude>
  </ItemGroup>
</Project>